// !$*UTF8*$!
{
	archiveVersion = 1;
	classes = {
	};
	objectVersion = 46;
	objects = {

/* Begin PBXBuildFile section */
		D5171DCF1D08662B00C4055D /* AppDelegate.swift in Sources */ = {isa = PBXBuildFile; fileRef = D5171DCE1D08662B00C4055D /* AppDelegate.swift */; };
		D5171DD11D08662B00C4055D /* ViewController.swift in Sources */ = {isa = PBXBuildFile; fileRef = D5171DD01D08662B00C4055D /* ViewController.swift */; };
		D5171DD41D08662B00C4055D /* Main.storyboard in Resources */ = {isa = PBXBuildFile; fileRef = D5171DD21D08662B00C4055D /* Main.storyboard */; };
		D5171DD61D08662B00C4055D /* Assets.xcassets in Resources */ = {isa = PBXBuildFile; fileRef = D5171DD51D08662B00C4055D /* Assets.xcassets */; };
		D5171DD91D08662B00C4055D /* LaunchScreen.storyboard in Resources */ = {isa = PBXBuildFile; fileRef = D5171DD71D08662B00C4055D /* LaunchScreen.storyboard */; };
		D5171DE41D08662B00C4055D /* GachaTechTests.swift in Sources */ = {isa = PBXBuildFile; fileRef = D5171DE31D08662B00C4055D /* GachaTechTests.swift */; };
		D5171DEF1D08662B00C4055D /* GachaTechUITests.swift in Sources */ = {isa = PBXBuildFile; fileRef = D5171DEE1D08662B00C4055D /* GachaTechUITests.swift */; };
		D5171DFF1D08EB8000C4055D /* ResultViewController.swift in Sources */ = {isa = PBXBuildFile; fileRef = D5171DFE1D08EB8000C4055D /* ResultViewController.swift */; };
		D574E3661D08FE0A00A24628 /* bg_blue@2x.png in Resources */ = {isa = PBXBuildFile; fileRef = D574E3561D08FE0A00A24628 /* bg_blue@2x.png */; };
		D574E3671D08FE0A00A24628 /* bg_gold@2x.png in Resources */ = {isa = PBXBuildFile; fileRef = D574E3571D08FE0A00A24628 /* bg_gold@2x.png */; };
		D574E3681D08FE0A00A24628 /* bg_red@2x.png in Resources */ = {isa = PBXBuildFile; fileRef = D574E3581D08FE0A00A24628 /* bg_red@2x.png */; };
		D574E3691D08FE0A00A24628 /* Defaults in Resources */ = {isa = PBXBuildFile; fileRef = D574E3591D08FE0A00A24628 /* Defaults */; };
		D574E36A1D08FE0A00A24628 /* gacha@2x (1).png in Resources */ = {isa = PBXBuildFile; fileRef = D574E35A1D08FE0A00A24628 /* gacha@2x (1).png */; };
		D574E36B1D08FE0A00A24628 /* gacha@2x.png in Resources */ = {isa = PBXBuildFile; fileRef = D574E35B1D08FE0A00A24628 /* gacha@2x.png */; };
		D574E36C1D08FE0A00A24628 /* monster001.png in Resources */ = {isa = PBXBuildFile; fileRef = D574E35C1D08FE0A00A24628 /* monster001.png */; };
		D574E36D1D08FE0A00A24628 /* monster002.png in Resources */ = {isa = PBXBuildFile; fileRef = D574E35D1D08FE0A00A24628 /* monster002.png */; };
		D574E36E1D08FE0A00A24628 /* monster003.png in Resources */ = {isa = PBXBuildFile; fileRef = D574E35E1D08FE0A00A24628 /* monster003.png */; };
		D574E36F1D08FE0A00A24628 /* monster004.png in Resources */ = {isa = PBXBuildFile; fileRef = D574E35F1D08FE0A00A24628 /* monster004.png */; };
		D574E3701D08FE0A00A24628 /* monster005.png in Resources */ = {isa = PBXBuildFile; fileRef = D574E3601D08FE0A00A24628 /* monster005.png */; };
		D574E3711D08FE0A00A24628 /* monster006.png in Resources */ = {isa = PBXBuildFile; fileRef = D574E3611D08FE0A00A24628 /* monster006.png */; };
		D574E3721D08FE0A00A24628 /* monster007.png in Resources */ = {isa = PBXBuildFile; fileRef = D574E3621D08FE0A00A24628 /* monster007.png */; };
		D574E3731D08FE0A00A24628 /* monster008.png in Resources */ = {isa = PBXBuildFile; fileRef = D574E3631D08FE0A00A24628 /* monster008.png */; };
		D574E3741D08FE0A00A24628 /* monster009.png in Resources */ = {isa = PBXBuildFile; fileRef = D574E3641D08FE0A00A24628 /* monster009.png */; };
		D574E3751D08FE0A00A24628 /* monster010.png in Resources */ = {isa = PBXBuildFile; fileRef = D574E3651D08FE0A00A24628 /* monster010.png */; };
/* End PBXBuildFile section */

/* Begin PBXContainerItemProxy section */
		D5171DE01D08662B00C4055D /* PBXContainerItemProxy */ = {
			isa = PBXContainerItemProxy;
			containerPortal = D5171DC31D08662B00C4055D /* Project object */;
			proxyType = 1;
			remoteGlobalIDString = D5171DCA1D08662B00C4055D;
			remoteInfo = GachaTech;
		};
		D5171DEB1D08662B00C4055D /* PBXContainerItemProxy */ = {
			isa = PBXContainerItemProxy;
			containerPortal = D5171DC31D08662B00C4055D /* Project object */;
			proxyType = 1;
			remoteGlobalIDString = D5171DCA1D08662B00C4055D;
			remoteInfo = GachaTech;
		};
/* End PBXContainerItemProxy section */

/* Begin PBXFileReference section */
		D5171DCB1D08662B00C4055D /* GachaTech.app */ = {isa = PBXFileReference; explicitFileType = wrapper.application; includeInIndex = 0; path = GachaTech.app; sourceTree = BUILT_PRODUCTS_DIR; };
		D5171DCE1D08662B00C4055D /* AppDelegate.swift */ = {isa = PBXFileReference; lastKnownFileType = sourcecode.swift; path = AppDelegate.swift; sourceTree = "<group>"; };
		D5171DD01D08662B00C4055D /* ViewController.swift */ = {isa = PBXFileReference; lastKnownFileType = sourcecode.swift; path = ViewController.swift; sourceTree = "<group>"; };
		D5171DD31D08662B00C4055D /* Base */ = {isa = PBXFileReference; lastKnownFileType = file.storyboard; name = Base; path = Base.lproj/Main.storyboard; sourceTree = "<group>"; };
		D5171DD51D08662B00C4055D /* Assets.xcassets */ = {isa = PBXFileReference; lastKnownFileType = folder.assetcatalog; path = Assets.xcassets; sourceTree = "<group>"; };
		D5171DD81D08662B00C4055D /* Base */ = {isa = PBXFileReference; lastKnownFileType = file.storyboard; name = Base; path = Base.lproj/LaunchScreen.storyboard; sourceTree = "<group>"; };
		D5171DDA1D08662B00C4055D /* Info.plist */ = {isa = PBXFileReference; lastKnownFileType = text.plist.xml; path = Info.plist; sourceTree = "<group>"; };
		D5171DDF1D08662B00C4055D /* GachaTechTests.xctest */ = {isa = PBXFileReference; explicitFileType = wrapper.cfbundle; includeInIndex = 0; path = GachaTechTests.xctest; sourceTree = BUILT_PRODUCTS_DIR; };
		D5171DE31D08662B00C4055D /* GachaTechTests.swift */ = {isa = PBXFileReference; lastKnownFileType = sourcecode.swift; path = GachaTechTests.swift; sourceTree = "<group>"; };
		D5171DE51D08662B00C4055D /* Info.plist */ = {isa = PBXFileReference; lastKnownFileType = text.plist.xml; path = Info.plist; sourceTree = "<group>"; };
		D5171DEA1D08662B00C4055D /* GachaTechUITests.xctest */ = {isa = PBXFileReference; explicitFileType = wrapper.cfbundle; includeInIndex = 0; path = GachaTechUITests.xctest; sourceTree = BUILT_PRODUCTS_DIR; };
		D5171DEE1D08662B00C4055D /* GachaTechUITests.swift */ = {isa = PBXFileReference; lastKnownFileType = sourcecode.swift; path = GachaTechUITests.swift; sourceTree = "<group>"; };
		D5171DF01D08662B00C4055D /* Info.plist */ = {isa = PBXFileReference; lastKnownFileType = text.plist.xml; path = Info.plist; sourceTree = "<group>"; };
		D5171DFE1D08EB8000C4055D /* ResultViewController.swift */ = {isa = PBXFileReference; fileEncoding = 4; lastKnownFileType = sourcecode.swift; path = ResultViewController.swift; sourceTree = "<group>"; };
		D574E3561D08FE0A00A24628 /* bg_blue@2x.png */ = {isa = PBXFileReference; lastKnownFileType = image.png; name = "bg_blue@2x.png"; path = "../素材/2-中級素材/Gacha素材/GachaResources/imageFiles/bg_blue@2x.png"; sourceTree = "<group>"; };
		D574E3571D08FE0A00A24628 /* bg_gold@2x.png */ = {isa = PBXFileReference; lastKnownFileType = image.png; name = "bg_gold@2x.png"; path = "../素材/2-中級素材/Gacha素材/GachaResources/imageFiles/bg_gold@2x.png"; sourceTree = "<group>"; };
		D574E3581D08FE0A00A24628 /* bg_red@2x.png */ = {isa = PBXFileReference; lastKnownFileType = image.png; name = "bg_red@2x.png"; path = "../素材/2-中級素材/Gacha素材/GachaResources/imageFiles/bg_red@2x.png"; sourceTree = "<group>"; };
		D574E3591D08FE0A00A24628 /* Defaults */ = {isa = PBXFileReference; lastKnownFileType = folder; name = Defaults; path = "../素材/2-中級素材/Gacha素材/GachaResources/imageFiles/Defaults"; sourceTree = "<group>"; };
		D574E35A1D08FE0A00A24628 /* gacha@2x (1).png */ = {isa = PBXFileReference; lastKnownFileType = image.png; name = "gacha@2x (1).png"; path = "../素材/2-中級素材/Gacha素材/GachaResources/imageFiles/gacha@2x (1).png"; sourceTree = "<group>"; };
		D574E35B1D08FE0A00A24628 /* gacha@2x.png */ = {isa = PBXFileReference; lastKnownFileType = image.png; name = "gacha@2x.png"; path = "../素材/2-中級素材/Gacha素材/GachaResources/imageFiles/gacha@2x.png"; sourceTree = "<group>"; };
		D574E35C1D08FE0A00A24628 /* monster001.png */ = {isa = PBXFileReference; lastKnownFileType = image.png; name = monster001.png; path = "../素材/2-中級素材/Gacha素材/GachaResources/imageFiles/monster001.png"; sourceTree = "<group>"; };
		D574E35D1D08FE0A00A24628 /* monster002.png */ = {isa = PBXFileReference; lastKnownFileType = image.png; name = monster002.png; path = "../素材/2-中級素材/Gacha素材/GachaResources/imageFiles/monster002.png"; sourceTree = "<group>"; };
		D574E35E1D08FE0A00A24628 /* monster003.png */ = {isa = PBXFileReference; lastKnownFileType = image.png; name = monster003.png; path = "../素材/2-中級素材/Gacha素材/GachaResources/imageFiles/monster003.png"; sourceTree = "<group>"; };
		D574E35F1D08FE0A00A24628 /* monster004.png */ = {isa = PBXFileReference; lastKnownFileType = image.png; name = monster004.png; path = "../素材/2-中級素材/Gacha素材/GachaResources/imageFiles/monster004.png"; sourceTree = "<group>"; };
		D574E3601D08FE0A00A24628 /* monster005.png */ = {isa = PBXFileReference; lastKnownFileType = image.png; name = monster005.png; path = "../素材/2-中級素材/Gacha素材/GachaResources/imageFiles/monster005.png"; sourceTree = "<group>"; };
		D574E3611D08FE0A00A24628 /* monster006.png */ = {isa = PBXFileReference; lastKnownFileType = image.png; name = monster006.png; path = "../素材/2-中級素材/Gacha素材/GachaResources/imageFiles/monster006.png"; sourceTree = "<group>"; };
		D574E3621D08FE0A00A24628 /* monster007.png */ = {isa = PBXFileReference; lastKnownFileType = image.png; name = monster007.png; path = "../素材/2-中級素材/Gacha素材/GachaResources/imageFiles/monster007.png"; sourceTree = "<group>"; };
		D574E3631D08FE0A00A24628 /* monster008.png */ = {isa = PBXFileReference; lastKnownFileType = image.png; name = monster008.png; path = "../素材/2-中級素材/Gacha素材/GachaResources/imageFiles/monster008.png"; sourceTree = "<group>"; };
		D574E3641D08FE0A00A24628 /* monster009.png */ = {isa = PBXFileReference; lastKnownFileType = image.png; name = monster009.png; path = "../素材/2-中級素材/Gacha素材/GachaResources/imageFiles/monster009.png"; sourceTree = "<group>"; };
		D574E3651D08FE0A00A24628 /* monster010.png */ = {isa = PBXFileReference; lastKnownFileType = image.png; name = monster010.png; path = "../素材/2-中級素材/Gacha素材/GachaResources/imageFiles/monster010.png"; sourceTree = "<group>"; };
/* End PBXFileReference section */

/* Begin PBXFrameworksBuildPhase section */
		D5171DC81D08662B00C4055D /* Frameworks */ = {
			isa = PBXFrameworksBuildPhase;
			buildActionMask = 2147483647;
			files = (
			);
			runOnlyForDeploymentPostprocessing = 0;
		};
		D5171DDC1D08662B00C4055D /* Frameworks */ = {
			isa = PBXFrameworksBuildPhase;
			buildActionMask = 2147483647;
			files = (
			);
			runOnlyForDeploymentPostprocessing = 0;
		};
		D5171DE71D08662B00C4055D /* Frameworks */ = {
			isa = PBXFrameworksBuildPhase;
			buildActionMask = 2147483647;
			files = (
			);
			runOnlyForDeploymentPostprocessing = 0;
		};
/* End PBXFrameworksBuildPhase section */

/* Begin PBXGroup section */
		D5171DC21D08662B00C4055D = {
			isa = PBXGroup;
			children = (
				D574E3561D08FE0A00A24628 /* bg_blue@2x.png */,
				D574E3571D08FE0A00A24628 /* bg_gold@2x.png */,
				D574E3581D08FE0A00A24628 /* bg_red@2x.png */,
				D574E3591D08FE0A00A24628 /* Defaults */,
				D574E35A1D08FE0A00A24628 /* gacha@2x (1).png */,
				D574E35B1D08FE0A00A24628 /* gacha@2x.png */,
				D574E35C1D08FE0A00A24628 /* monster001.png */,
				D574E35D1D08FE0A00A24628 /* monster002.png */,
				D574E35E1D08FE0A00A24628 /* monster003.png */,
				D574E35F1D08FE0A00A24628 /* monster004.png */,
				D574E3601D08FE0A00A24628 /* monster005.png */,
				D574E3611D08FE0A00A24628 /* monster006.png */,
				D574E3621D08FE0A00A24628 /* monster007.png */,
				D574E3631D08FE0A00A24628 /* monster008.png */,
				D574E3641D08FE0A00A24628 /* monster009.png */,
				D574E3651D08FE0A00A24628 /* monster010.png */,
				D5171DCD1D08662B00C4055D /* GachaTech */,
				D5171DE21D08662B00C4055D /* GachaTechTests */,
				D5171DED1D08662B00C4055D /* GachaTechUITests */,
				D5171DCC1D08662B00C4055D /* Products */,
			);
			sourceTree = "<group>";
		};
		D5171DCC1D08662B00C4055D /* Products */ = {
			isa = PBXGroup;
			children = (
				D5171DCB1D08662B00C4055D /* GachaTech.app */,
				D5171DDF1D08662B00C4055D /* GachaTechTests.xctest */,
				D5171DEA1D08662B00C4055D /* GachaTechUITests.xctest */,
			);
			name = Products;
			sourceTree = "<group>";
		};
		D5171DCD1D08662B00C4055D /* GachaTech */ = {
			isa = PBXGroup;
			children = (
				D5171DCE1D08662B00C4055D /* AppDelegate.swift */,
				D5171DD01D08662B00C4055D /* ViewController.swift */,
				D5171DD21D08662B00C4055D /* Main.storyboard */,
				D5171DFE1D08EB8000C4055D /* ResultViewController.swift */,
				D5171DD51D08662B00C4055D /* Assets.xcassets */,
				D5171DD71D08662B00C4055D /* LaunchScreen.storyboard */,
				D5171DDA1D08662B00C4055D /* Info.plist */,
			);
			path = GachaTech;
			sourceTree = "<group>";
		};
		D5171DE21D08662B00C4055D /* GachaTechTests */ = {
			isa = PBXGroup;
			children = (
				D5171DE31D08662B00C4055D /* GachaTechTests.swift */,
				D5171DE51D08662B00C4055D /* Info.plist */,
			);
			path = GachaTechTests;
			sourceTree = "<group>";
		};
		D5171DED1D08662B00C4055D /* GachaTechUITests */ = {
			isa = PBXGroup;
			children = (
				D5171DEE1D08662B00C4055D /* GachaTechUITests.swift */,
				D5171DF01D08662B00C4055D /* Info.plist */,
			);
			path = GachaTechUITests;
			sourceTree = "<group>";
		};
/* End PBXGroup section */

/* Begin PBXNativeTarget section */
		D5171DCA1D08662B00C4055D /* GachaTech */ = {
			isa = PBXNativeTarget;
			buildConfigurationList = D5171DF31D08662B00C4055D /* Build configuration list for PBXNativeTarget "GachaTech" */;
			buildPhases = (
				D5171DC71D08662B00C4055D /* Sources */,
				D5171DC81D08662B00C4055D /* Frameworks */,
				D5171DC91D08662B00C4055D /* Resources */,
			);
			buildRules = (
			);
			dependencies = (
			);
			name = GachaTech;
			productName = GachaTech;
			productReference = D5171DCB1D08662B00C4055D /* GachaTech.app */;
			productType = "com.apple.product-type.application";
		};
		D5171DDE1D08662B00C4055D /* GachaTechTests */ = {
			isa = PBXNativeTarget;
			buildConfigurationList = D5171DF61D08662B00C4055D /* Build configuration list for PBXNativeTarget "GachaTechTests" */;
			buildPhases = (
				D5171DDB1D08662B00C4055D /* Sources */,
				D5171DDC1D08662B00C4055D /* Frameworks */,
				D5171DDD1D08662B00C4055D /* Resources */,
			);
			buildRules = (
			);
			dependencies = (
				D5171DE11D08662B00C4055D /* PBXTargetDependency */,
			);
			name = GachaTechTests;
			productName = GachaTechTests;
			productReference = D5171DDF1D08662B00C4055D /* GachaTechTests.xctest */;
			productType = "com.apple.product-type.bundle.unit-test";
		};
		D5171DE91D08662B00C4055D /* GachaTechUITests */ = {
			isa = PBXNativeTarget;
			buildConfigurationList = D5171DF91D08662B00C4055D /* Build configuration list for PBXNativeTarget "GachaTechUITests" */;
			buildPhases = (
				D5171DE61D08662B00C4055D /* Sources */,
				D5171DE71D08662B00C4055D /* Frameworks */,
				D5171DE81D08662B00C4055D /* Resources */,
			);
			buildRules = (
			);
			dependencies = (
				D5171DEC1D08662B00C4055D /* PBXTargetDependency */,
			);
			name = GachaTechUITests;
			productName = GachaTechUITests;
			productReference = D5171DEA1D08662B00C4055D /* GachaTechUITests.xctest */;
			productType = "com.apple.product-type.bundle.ui-testing";
		};
/* End PBXNativeTarget section */

/* Begin PBXProject section */
		D5171DC31D08662B00C4055D /* Project object */ = {
			isa = PBXProject;
			attributes = {
				LastSwiftUpdateCheck = 0730;
				LastUpgradeCheck = 0730;
				ORGANIZATIONNAME = NakayaKana;
				TargetAttributes = {
					D5171DCA1D08662B00C4055D = {
						CreatedOnToolsVersion = 7.3.1;
					};
					D5171DDE1D08662B00C4055D = {
						CreatedOnToolsVersion = 7.3.1;
						TestTargetID = D5171DCA1D08662B00C4055D;
					};
					D5171DE91D08662B00C4055D = {
						CreatedOnToolsVersion = 7.3.1;
						TestTargetID = D5171DCA1D08662B00C4055D;
					};
				};
			};
			buildConfigurationList = D5171DC61D08662B00C4055D /* Build configuration list for PBXProject "GachaTech" */;
			compatibilityVersion = "Xcode 3.2";
			developmentRegion = English;
			hasScannedForEncodings = 0;
			knownRegions = (
				en,
				Base,
			);
			mainGroup = D5171DC21D08662B00C4055D;
			productRefGroup = D5171DCC1D08662B00C4055D /* Products */;
			projectDirPath = "";
			projectRoot = "";
			targets = (
				D5171DCA1D08662B00C4055D /* GachaTech */,
				D5171DDE1D08662B00C4055D /* GachaTechTests */,
				D5171DE91D08662B00C4055D /* GachaTechUITests */,
			);
		};
/* End PBXProject section */

/* Begin PBXResourcesBuildPhase section */
		D5171DC91D08662B00C4055D /* Resources */ = {
			isa = PBXResourcesBuildPhase;
			buildActionMask = 2147483647;
			files = (
				D574E3721D08FE0A00A24628 /* monster007.png in Resources */,
				D5171DD91D08662B00C4055D /* LaunchScreen.storyboard in Resources */,
				D574E3751D08FE0A00A24628 /* monster010.png in Resources */,
				D574E36D1D08FE0A00A24628 /* monster002.png in Resources */,
				D574E3701D08FE0A00A24628 /* monster005.png in Resources */,
				D574E3671D08FE0A00A24628 /* bg_gold@2x.png in Resources */,
				D5171DD61D08662B00C4055D /* Assets.xcassets in Resources */,
				D574E3731D08FE0A00A24628 /* monster008.png in Resources */,
				D574E36A1D08FE0A00A24628 /* gacha@2x (1).png in Resources */,
				D574E36F1D08FE0A00A24628 /* monster004.png in Resources */,
				D574E36C1D08FE0A00A24628 /* monster001.png in Resources */,
				D5171DD41D08662B00C4055D /* Main.storyboard in Resources */,
				D574E3661D08FE0A00A24628 /* bg_blue@2x.png in Resources */,
				D574E36E1D08FE0A00A24628 /* monster003.png in Resources */,
				D574E36B1D08FE0A00A24628 /* gacha@2x.png in Resources */,
				D574E3741D08FE0A00A24628 /* monster009.png in Resources */,
				D574E3681D08FE0A00A24628 /* bg_red@2x.png in Resources */,
				D574E3691D08FE0A00A24628 /* Defaults in Resources */,
				D574E3711D08FE0A00A24628 /* monster006.png in Resources */,
			);
			runOnlyForDeploymentPostprocessing = 0;
		};
		D5171DDD1D08662B00C4055D /* Resources */ = {
			isa = PBXResourcesBuildPhase;
			buildActionMask = 2147483647;
			files = (
			);
			runOnlyForDeploymentPostprocessing = 0;
		};
		D5171DE81D08662B00C4055D /* Resources */ = {
			isa = PBXResourcesBuildPhase;
			buildActionMask = 2147483647;
			files = (
			);
			runOnlyForDeploymentPostprocessing = 0;
		};
/* End PBXResourcesBuildPhase section */

/* Begin PBXSourcesBuildPhase section */
		D5171DC71D08662B00C4055D /* Sources */ = {
			isa = PBXSourcesBuildPhase;
			buildActionMask = 2147483647;
			files = (
				D5171DD11D08662B00C4055D /* ViewController.swift in Sources */,
				D5171DCF1D08662B00C4055D /* AppDelegate.swift in Sources */,
				D5171DFF1D08EB8000C4055D /* ResultViewController.swift in Sources */,
			);
			runOnlyForDeploymentPostprocessing = 0;
		};
		D5171DDB1D08662B00C4055D /* Sources */ = {
			isa = PBXSourcesBuildPhase;
			buildActionMask = 2147483647;
			files = (
				D5171DE41D08662B00C4055D /* GachaTechTests.swift in Sources */,
			);
			runOnlyForDeploymentPostprocessing = 0;
		};
		D5171DE61D08662B00C4055D /* Sources */ = {
			isa = PBXSourcesBuildPhase;
			buildActionMask = 2147483647;
			files = (
				D5171DEF1D08662B00C4055D /* GachaTechUITests.swift in Sources */,
			);
			runOnlyForDeploymentPostprocessing = 0;
		};
/* End PBXSourcesBuildPhase section */

/* Begin PBXTargetDependency section */
		D5171DE11D08662B00C4055D /* PBXTargetDependency */ = {
			isa = PBXTargetDependency;
			target = D5171DCA1D08662B00C4055D /* GachaTech */;
			targetProxy = D5171DE01D08662B00C4055D /* PBXContainerItemProxy */;
		};
		D5171DEC1D08662B00C4055D /* PBXTargetDependency */ = {
			isa = PBXTargetDependency;
			target = D5171DCA1D08662B00C4055D /* GachaTech */;
			targetProxy = D5171DEB1D08662B00C4055D /* PBXContainerItemProxy */;
		};
/* End PBXTargetDependency section */

/* Begin PBXVariantGroup section */
		D5171DD21D08662B00C4055D /* Main.storyboard */ = {
			isa = PBXVariantGroup;
			children = (
				D5171DD31D08662B00C4055D /* Base */,
			);
			name = Main.storyboard;
			sourceTree = "<group>";
		};
		D5171DD71D08662B00C4055D /* LaunchScreen.storyboard */ = {
			isa = PBXVariantGroup;
			children = (
				D5171DD81D08662B00C4055D /* Base */,
			);
			name = LaunchScreen.storyboard;
			sourceTree = "<group>";
		};
/* End PBXVariantGroup section */

/* Begin XCBuildConfiguration section */
		D5171DF11D08662B00C4055D /* Debug */ = {
			isa = XCBuildConfiguration;
			buildSettings = {
				ALWAYS_SEARCH_USER_PATHS = NO;
				CLANG_ANALYZER_NONNULL = YES;
				CLANG_CXX_LANGUAGE_STANDARD = "gnu++0x";
				CLANG_CXX_LIBRARY = "libc++";
				CLANG_ENABLE_MODULES = YES;
				CLANG_ENABLE_OBJC_ARC = YES;
				CLANG_WARN_BOOL_CONVERSION = YES;
				CLANG_WARN_CONSTANT_CONVERSION = YES;
				CLANG_WARN_DIRECT_OBJC_ISA_USAGE = YES_ERROR;
				CLANG_WARN_EMPTY_BODY = YES;
				CLANG_WARN_ENUM_CONVERSION = YES;
				CLANG_WARN_INT_CONVERSION = YES;
				CLANG_WARN_OBJC_ROOT_CLASS = YES_ERROR;
				CLANG_WARN_UNREACHABLE_CODE = YES;
				CLANG_WARN__DUPLICATE_METHOD_MATCH = YES;
				"CODE_SIGN_IDENTITY[sdk=iphoneos*]" = "iPhone Developer";
				COPY_PHASE_STRIP = NO;
				DEBUG_INFORMATION_FORMAT = dwarf;
				ENABLE_STRICT_OBJC_MSGSEND = YES;
				ENABLE_TESTABILITY = YES;
				GCC_C_LANGUAGE_STANDARD = gnu99;
				GCC_DYNAMIC_NO_PIC = NO;
				GCC_NO_COMMON_BLOCKS = YES;
				GCC_OPTIMIZATION_LEVEL = 0;
				GCC_PREPROCESSOR_DEFINITIONS = (
					"DEBUG=1",
					"$(inherited)",
				);
				GCC_WARN_64_TO_32_BIT_CONVERSION = YES;
				GCC_WARN_ABOUT_RETURN_TYPE = YES_ERROR;
				GCC_WARN_UNDECLARED_SELECTOR = YES;
				GCC_WARN_UNINITIALIZED_AUTOS = YES_AGGRESSIVE;
				GCC_WARN_UNUSED_FUNCTION = YES;
				GCC_WARN_UNUSED_VARIABLE = YES;
				IPHONEOS_DEPLOYMENT_TARGET = 9.3;
				MTL_ENABLE_DEBUG_INFO = YES;
				ONLY_ACTIVE_ARCH = YES;
				SDKROOT = iphoneos;
				SWIFT_OPTIMIZATION_LEVEL = "-Onone";
			};
			name = Debug;
		};
		D5171DF21D08662B00C4055D /* Release */ = {
			isa = XCBuildConfiguration;
			buildSettings = {
				ALWAYS_SEARCH_USER_PATHS = NO;
				CLANG_ANALYZER_NONNULL = YES;
				CLANG_CXX_LANGUAGE_STANDARD = "gnu++0x";
				CLANG_CXX_LIBRARY = "libc++";
				CLANG_ENABLE_MODULES = YES;
				CLANG_ENABLE_OBJC_ARC = YES;
				CLANG_WARN_BOOL_CONVERSION = YES;
				CLANG_WARN_CONSTANT_CONVERSION = YES;
				CLANG_WARN_DIRECT_OBJC_ISA_USAGE = YES_ERROR;
				CLANG_WARN_EMPTY_BODY = YES;
				CLANG_WARN_ENUM_CONVERSION = YES;
				CLANG_WARN_INT_CONVERSION = YES;
				CLANG_WARN_OBJC_ROOT_CLASS = YES_ERROR;
				CLANG_WARN_UNREACHABLE_CODE = YES;
				CLANG_WARN__DUPLICATE_METHOD_MATCH = YES;
				"CODE_SIGN_IDENTITY[sdk=iphoneos*]" = "iPhone Developer";
				COPY_PHASE_STRIP = NO;
				DEBUG_INFORMATION_FORMAT = "dwarf-with-dsym";
				ENABLE_NS_ASSERTIONS = NO;
				ENABLE_STRICT_OBJC_MSGSEND = YES;
				GCC_C_LANGUAGE_STANDARD = gnu99;
				GCC_NO_COMMON_BLOCKS = YES;
				GCC_WARN_64_TO_32_BIT_CONVERSION = YES;
				GCC_WARN_ABOUT_RETURN_TYPE = YES_ERROR;
				GCC_WARN_UNDECLARED_SELECTOR = YES;
				GCC_WARN_UNINITIALIZED_AUTOS = YES_AGGRESSIVE;
				GCC_WARN_UNUSED_FUNCTION = YES;
				GCC_WARN_UNUSED_VARIABLE = YES;
				IPHONEOS_DEPLOYMENT_TARGET = 9.3;
				MTL_ENABLE_DEBUG_INFO = NO;
				SDKROOT = iphoneos;
				VALIDATE_PRODUCT = YES;
			};
			name = Release;
		};
		D5171DF41D08662B00C4055D /* Debug */ = {
			isa = XCBuildConfiguration;
			buildSettings = {
				ASSETCATALOG_COMPILER_APPICON_NAME = AppIcon;
				INFOPLIST_FILE = GachaTech/Info.plist;
				LD_RUNPATH_SEARCH_PATHS = "$(inherited) @executable_path/Frameworks";
				PRODUCT_BUNDLE_IDENTIFIER = NakayaKana.GachaTech;
				PRODUCT_NAME = "$(TARGET_NAME)";
			};
			name = Debug;
		};
		D5171DF51D08662B00C4055D /* Release */ = {
			isa = XCBuildConfiguration;
			buildSettings = {
				ASSETCATALOG_COMPILER_APPICON_NAME = AppIcon;
				INFOPLIST_FILE = GachaTech/Info.plist;
				LD_RUNPATH_SEARCH_PATHS = "$(inherited) @executable_path/Frameworks";
				PRODUCT_BUNDLE_IDENTIFIER = NakayaKana.GachaTech;
				PRODUCT_NAME = "$(TARGET_NAME)";
			};
			name = Release;
		};
		D5171DF71D08662B00C4055D /* Debug */ = {
			isa = XCBuildConfiguration;
			buildSettings = {
				BUNDLE_LOADER = "$(TEST_HOST)";
				INFOPLIST_FILE = GachaTechTests/Info.plist;
				LD_RUNPATH_SEARCH_PATHS = "$(inherited) @executable_path/Frameworks @loader_path/Frameworks";
				PRODUCT_BUNDLE_IDENTIFIER = NakayaKana.GachaTechTests;
				PRODUCT_NAME = "$(TARGET_NAME)";
				TEST_HOST = "$(BUILT_PRODUCTS_DIR)/GachaTech.app/GachaTech";
			};
			name = Debug;
		};
		D5171DF81D08662B00C4055D /* Release */ = {
			isa = XCBuildConfiguration;
			buildSettings = {
				BUNDLE_LOADER = "$(TEST_HOST)";
				INFOPLIST_FILE = GachaTechTests/Info.plist;
				LD_RUNPATH_SEARCH_PATHS = "$(inherited) @executable_path/Frameworks @loader_path/Frameworks";
				PRODUCT_BUNDLE_IDENTIFIER = NakayaKana.GachaTechTests;
				PRODUCT_NAME = "$(TARGET_NAME)";
				TEST_HOST = "$(BUILT_PRODUCTS_DIR)/GachaTech.app/GachaTech";
			};
			name = Release;
		};
		D5171DFA1D08662B00C4055D /* Debug */ = {
			isa = XCBuildConfiguration;
			buildSettings = {
				INFOPLIST_FILE = GachaTechUITests/Info.plist;
				LD_RUNPATH_SEARCH_PATHS = "$(inherited) @executable_path/Frameworks @loader_path/Frameworks";
				PRODUCT_BUNDLE_IDENTIFIER = NakayaKana.GachaTechUITests;
				PRODUCT_NAME = "$(TARGET_NAME)";
				TEST_TARGET_NAME = GachaTech;
			};
			name = Debug;
		};
		D5171DFB1D08662B00C4055D /* Release */ = {
			isa = XCBuildConfiguration;
			buildSettings = {
				INFOPLIST_FILE = GachaTechUITests/Info.plist;
				LD_RUNPATH_SEARCH_PATHS = "$(inherited) @executable_path/Frameworks @loader_path/Frameworks";
				PRODUCT_BUNDLE_IDENTIFIER = NakayaKana.GachaTechUITests;
				PRODUCT_NAME = "$(TARGET_NAME)";
				TEST_TARGET_NAME = GachaTech;
			};
			name = Release;
		};
/* End XCBuildConfiguration section */

/* Begin XCConfigurationList section */
		D5171DC61D08662B00C4055D /* Build configuration list for PBXProject "GachaTech" */ = {
			isa = XCConfigurationList;
			buildConfigurations = (
				D5171DF11D08662B00C4055D /* Debug */,
				D5171DF21D08662B00C4055D /* Release */,
			);
			defaultConfigurationIsVisible = 0;
			defaultConfigurationName = Release;
		};
		D5171DF31D08662B00C4055D /* Build configuration list for PBXNativeTarget "GachaTech" */ = {
			isa = XCConfigurationList;
			buildConfigurations = (
				D5171DF41D08662B00C4055D /* Debug */,
				D5171DF51D08662B00C4055D /* Release */,
			);
			defaultConfigurationIsVisible = 0;
			defaultConfigurationName = Release;
		};
		D5171DF61D08662B00C4055D /* Build configuration list for PBXNativeTarget "GachaTechTests" */ = {
			isa = XCConfigurationList;
			buildConfigurations = (
				D5171DF71D08662B00C4055D /* Debug */,
				D5171DF81D08662B00C4055D /* Release */,
			);
			defaultConfigurationIsVisible = 0;
			defaultConfigurationName = Release;
		};
		D5171DF91D08662B00C4055D /* Build configuration list for PBXNativeTarget "GachaTechUITests" */ = {
			isa = XCConfigurationList;
			buildConfigurations = (
				D5171DFA1D08662B00C4055D /* Debug */,
				D5171DFB1D08662B00C4055D /* Release */,
			);
			defaultConfigurationIsVisible = 0;
			defaultConfigurationName = Release;
		};
/* End XCConfigurationList section */
	};
	rootObject = D5171DC31D08662B00C4055D /* Project object */;
}
